
Microsoft Visual Studio Solution File, Format Version 12.00
# Visual Studio Version 16
VisualStudioVersion = 16.0.30204.135
MinimumVisualStudioVersion = 10.0.40219.1
Project("{9A19103F-16F7-4668-BE54-9A1E7A4F7556}") = "01. Recursive Array Sum", "01. Recursive Array Sum\01. Recursive Array Sum.csproj", "{E4FDF155-511F-49FC-8BFD-570007DD6E46}"
EndProject
Project("{9A19103F-16F7-4668-BE54-9A1E7A4F7556}") = "02. Recursive Factorial", "02. Recursive Factorial\02. Recursive Factorial.csproj", "{208666A1-1CAA-424B-B1D9-DB5741849938}"
EndProject
Project("{9A19103F-16F7-4668-BE54-9A1E7A4F7556}") = "03. Recursive Drawing", "03. Recursive Drawing\03. Recursive Drawing.csproj", "{87E18E8C-6B9C-45AD-9576-A95EFEBD3D2D}"
EndProject
Project("{9A19103F-16F7-4668-BE54-9A1E7A4F7556}") = "04. Generating 01 Vectors", "04. Generating 01 Vectors\04. Generating 01 Vectors.csproj", "{B3DD136D-06C5-43BC-A00E-1294ECCFEA0B}"
EndProject
Project("{FAE04EC0-301F-11D3-BF4B-00C04F79EFBC}") = "05. GeneratingCombinations", "05. GeneratingCombinations\05. GeneratingCombinations.csproj", "{B57E785D-8307-45FD-A0F8-020C79121F94}"
EndProject
Global
	GlobalSection(SolutionConfigurationPlatforms) = preSolution
		Debug|Any CPU = Debug|Any CPU
		Release|Any CPU = Release|Any CPU
	EndGlobalSection
	GlobalSection(ProjectConfigurationPlatforms) = postSolution
		{E4FDF155-511F-49FC-8BFD-570007DD6E46}.Debug|Any CPU.ActiveCfg = Debug|Any CPU
		{E4FDF155-511F-49FC-8BFD-570007DD6E46}.Debug|Any CPU.Build.0 = Debug|Any CPU
		{E4FDF155-511F-49FC-8BFD-570007DD6E46}.Release|Any CPU.ActiveCfg = Release|Any CPU
		{E4FDF155-511F-49FC-8BFD-570007DD6E46}.Release|Any CPU.Build.0 = Release|Any CPU
		{208666A1-1CAA-424B-B1D9-DB5741849938}.Debug|Any CPU.ActiveCfg = Debug|Any CPU
		{208666A1-1CAA-424B-B1D9-DB5741849938}.Debug|Any CPU.Build.0 = Debug|Any CPU
		{208666A1-1CAA-424B-B1D9-DB5741849938}.Release|Any CPU.ActiveCfg = Release|Any CPU
		{208666A1-1CAA-424B-B1D9-DB5741849938}.Release|Any CPU.Build.0 = Release|Any CPU
		{87E18E8C-6B9C-45AD-9576-A95EFEBD3D2D}.Debug|Any CPU.ActiveCfg = Debug|Any CPU
		{87E18E8C-6B9C-45AD-9576-A95EFEBD3D2D}.Debug|Any CPU.Build.0 = Debug|Any CPU
		{87E18E8C-6B9C-45AD-9576-A95EFEBD3D2D}.Release|Any CPU.ActiveCfg = Release|Any CPU
		{87E18E8C-6B9C-45AD-9576-A95EFEBD3D2D}.Release|Any CPU.Build.0 = Release|Any CPU
		{B3DD136D-06C5-43BC-A00E-1294ECCFEA0B}.Debug|Any CPU.ActiveCfg = Debug|Any CPU
		{B3DD136D-06C5-43BC-A00E-1294ECCFEA0B}.Debug|Any CPU.Build.0 = Debug|Any CPU
		{B3DD136D-06C5-43BC-A00E-1294ECCFEA0B}.Release|Any CPU.ActiveCfg = Release|Any CPU
		{B3DD136D-06C5-43BC-A00E-1294ECCFEA0B}.Release|Any CPU.Build.0 = Release|Any CPU
		{B57E785D-8307-45FD-A0F8-020C79121F94}.Debug|Any CPU.ActiveCfg = Debug|Any CPU
		{B57E785D-8307-45FD-A0F8-020C79121F94}.Debug|Any CPU.Build.0 = Debug|Any CPU
		{B57E785D-8307-45FD-A0F8-020C79121F94}.Release|Any CPU.ActiveCfg = Release|Any CPU
		{B57E785D-8307-45FD-A0F8-020C79121F94}.Release|Any CPU.Build.0 = Release|Any CPU
	EndGlobalSection
	GlobalSection(SolutionProperties) = preSolution
		HideSolutionNode = FALSE
	EndGlobalSection
	GlobalSection(ExtensibilityGlobals) = postSolution
		SolutionGuid = {8BA2EF16-517F-412D-9DBC-50D8E1495467}
	EndGlobalSection
EndGlobal
