
Microsoft Visual Studio Solution File, Format Version 12.00
# Visual Studio Version 16
VisualStudioVersion = 16.0.30804.86
MinimumVisualStudioVersion = 10.0.40219.1
Project("{FAE04EC0-301F-11D3-BF4B-00C04F79EFBC}") = "01. Bellman-Ford", "01. Bellman-Ford\01. Bellman-Ford.csproj", "{467CF8B8-8A4D-4DB6-9E82-7C35AF32584F}"
EndProject
Project("{FAE04EC0-301F-11D3-BF4B-00C04F79EFBC}") = "02. Longest Path", "02. Longest Path\02. Longest Path.csproj", "{22AF2A66-43FA-4FDF-8FC4-30F99B8F4257}"
EndProject
Global
	GlobalSection(SolutionConfigurationPlatforms) = preSolution
		Debug|Any CPU = Debug|Any CPU
		Release|Any CPU = Release|Any CPU
	EndGlobalSection
	GlobalSection(ProjectConfigurationPlatforms) = postSolution
		{467CF8B8-8A4D-4DB6-9E82-7C35AF32584F}.Debug|Any CPU.ActiveCfg = Debug|Any CPU
		{467CF8B8-8A4D-4DB6-9E82-7C35AF32584F}.Debug|Any CPU.Build.0 = Debug|Any CPU
		{467CF8B8-8A4D-4DB6-9E82-7C35AF32584F}.Release|Any CPU.ActiveCfg = Release|Any CPU
		{467CF8B8-8A4D-4DB6-9E82-7C35AF32584F}.Release|Any CPU.Build.0 = Release|Any CPU
		{22AF2A66-43FA-4FDF-8FC4-30F99B8F4257}.Debug|Any CPU.ActiveCfg = Debug|Any CPU
		{22AF2A66-43FA-4FDF-8FC4-30F99B8F4257}.Debug|Any CPU.Build.0 = Debug|Any CPU
		{22AF2A66-43FA-4FDF-8FC4-30F99B8F4257}.Release|Any CPU.ActiveCfg = Release|Any CPU
		{22AF2A66-43FA-4FDF-8FC4-30F99B8F4257}.Release|Any CPU.Build.0 = Release|Any CPU
	EndGlobalSection
	GlobalSection(SolutionProperties) = preSolution
		HideSolutionNode = FALSE
	EndGlobalSection
	GlobalSection(ExtensibilityGlobals) = postSolution
		SolutionGuid = {8F6D5D56-EB79-46DB-9739-F114B07FDD47}
	EndGlobalSection
EndGlobal
