
Microsoft Visual Studio Solution File, Format Version 12.00
# Visual Studio Version 16
VisualStudioVersion = 16.0.30804.86
MinimumVisualStudioVersion = 10.0.40219.1
Project("{9A19103F-16F7-4668-BE54-9A1E7A4F7556}") = "01. Reverse Array", "01. Reverse Array\01. Reverse Array.csproj", "{1EAD2524-1C70-48F4-AFDA-7DC1E07C13A3}"
EndProject
Project("{9A19103F-16F7-4668-BE54-9A1E7A4F7556}") = "04. Combinations without Repetition", "04. Combinations without Repetition\04. Combinations without Repetition.csproj", "{510B933E-1D44-4AD3-932D-AA6C07DDCB3F}"
EndProject
Project("{9A19103F-16F7-4668-BE54-9A1E7A4F7556}") = "03. Combinations with Repetition", "03. Combinations with Repetition\03. Combinations with Repetition.csproj", "{88035F04-33BA-414E-B3D8-BB3B11D8565C}"
EndProject
Project("{9A19103F-16F7-4668-BE54-9A1E7A4F7556}") = "05. Connected Areas in Matrix", "05. Connected Areas in Matrix\05. Connected Areas in Matrix.csproj", "{3AB3AA5D-B3BE-410A-86D5-C872F98D7732}"
EndProject
Project("{FAE04EC0-301F-11D3-BF4B-00C04F79EFBC}") = "06. Cinema", "06. Cinema\06. Cinema.csproj", "{C4A9FF9A-8050-4142-9AB2-E374316BD12B}"
EndProject
Project("{FAE04EC0-301F-11D3-BF4B-00C04F79EFBC}") = "08. School Teams", "08. School Teams\08. School Teams.csproj", "{76D11695-17D0-4331-AB34-0768AD0C26E8}"
EndProject
Project("{FAE04EC0-301F-11D3-BF4B-00C04F79EFBC}") = "07. Word Cruncher", "07. Word Cruncher\07. Word Cruncher.csproj", "{A6FB81AF-A7C8-4FEF-AF60-414DFDDB8F8D}"
EndProject
Project("{FAE04EC0-301F-11D3-BF4B-00C04F79EFBC}") = "02. Nested Loops", "02. Nested Loops\02. Nested Loops.csproj", "{9BB71ADE-0F1D-43A2-82DE-8494929F9D44}"
EndProject
Global
	GlobalSection(SolutionConfigurationPlatforms) = preSolution
		Debug|Any CPU = Debug|Any CPU
		Release|Any CPU = Release|Any CPU
	EndGlobalSection
	GlobalSection(ProjectConfigurationPlatforms) = postSolution
		{1EAD2524-1C70-48F4-AFDA-7DC1E07C13A3}.Debug|Any CPU.ActiveCfg = Debug|Any CPU
		{1EAD2524-1C70-48F4-AFDA-7DC1E07C13A3}.Debug|Any CPU.Build.0 = Debug|Any CPU
		{1EAD2524-1C70-48F4-AFDA-7DC1E07C13A3}.Release|Any CPU.ActiveCfg = Release|Any CPU
		{1EAD2524-1C70-48F4-AFDA-7DC1E07C13A3}.Release|Any CPU.Build.0 = Release|Any CPU
		{510B933E-1D44-4AD3-932D-AA6C07DDCB3F}.Debug|Any CPU.ActiveCfg = Debug|Any CPU
		{510B933E-1D44-4AD3-932D-AA6C07DDCB3F}.Debug|Any CPU.Build.0 = Debug|Any CPU
		{510B933E-1D44-4AD3-932D-AA6C07DDCB3F}.Release|Any CPU.ActiveCfg = Release|Any CPU
		{510B933E-1D44-4AD3-932D-AA6C07DDCB3F}.Release|Any CPU.Build.0 = Release|Any CPU
		{88035F04-33BA-414E-B3D8-BB3B11D8565C}.Debug|Any CPU.ActiveCfg = Debug|Any CPU
		{88035F04-33BA-414E-B3D8-BB3B11D8565C}.Debug|Any CPU.Build.0 = Debug|Any CPU
		{88035F04-33BA-414E-B3D8-BB3B11D8565C}.Release|Any CPU.ActiveCfg = Release|Any CPU
		{88035F04-33BA-414E-B3D8-BB3B11D8565C}.Release|Any CPU.Build.0 = Release|Any CPU
		{3AB3AA5D-B3BE-410A-86D5-C872F98D7732}.Debug|Any CPU.ActiveCfg = Debug|Any CPU
		{3AB3AA5D-B3BE-410A-86D5-C872F98D7732}.Debug|Any CPU.Build.0 = Debug|Any CPU
		{3AB3AA5D-B3BE-410A-86D5-C872F98D7732}.Release|Any CPU.ActiveCfg = Release|Any CPU
		{3AB3AA5D-B3BE-410A-86D5-C872F98D7732}.Release|Any CPU.Build.0 = Release|Any CPU
		{C4A9FF9A-8050-4142-9AB2-E374316BD12B}.Debug|Any CPU.ActiveCfg = Debug|Any CPU
		{C4A9FF9A-8050-4142-9AB2-E374316BD12B}.Debug|Any CPU.Build.0 = Debug|Any CPU
		{C4A9FF9A-8050-4142-9AB2-E374316BD12B}.Release|Any CPU.ActiveCfg = Release|Any CPU
		{C4A9FF9A-8050-4142-9AB2-E374316BD12B}.Release|Any CPU.Build.0 = Release|Any CPU
		{76D11695-17D0-4331-AB34-0768AD0C26E8}.Debug|Any CPU.ActiveCfg = Debug|Any CPU
		{76D11695-17D0-4331-AB34-0768AD0C26E8}.Debug|Any CPU.Build.0 = Debug|Any CPU
		{76D11695-17D0-4331-AB34-0768AD0C26E8}.Release|Any CPU.ActiveCfg = Release|Any CPU
		{76D11695-17D0-4331-AB34-0768AD0C26E8}.Release|Any CPU.Build.0 = Release|Any CPU
		{A6FB81AF-A7C8-4FEF-AF60-414DFDDB8F8D}.Debug|Any CPU.ActiveCfg = Debug|Any CPU
		{A6FB81AF-A7C8-4FEF-AF60-414DFDDB8F8D}.Debug|Any CPU.Build.0 = Debug|Any CPU
		{A6FB81AF-A7C8-4FEF-AF60-414DFDDB8F8D}.Release|Any CPU.ActiveCfg = Release|Any CPU
		{A6FB81AF-A7C8-4FEF-AF60-414DFDDB8F8D}.Release|Any CPU.Build.0 = Release|Any CPU
		{9BB71ADE-0F1D-43A2-82DE-8494929F9D44}.Debug|Any CPU.ActiveCfg = Debug|Any CPU
		{9BB71ADE-0F1D-43A2-82DE-8494929F9D44}.Debug|Any CPU.Build.0 = Debug|Any CPU
		{9BB71ADE-0F1D-43A2-82DE-8494929F9D44}.Release|Any CPU.ActiveCfg = Release|Any CPU
		{9BB71ADE-0F1D-43A2-82DE-8494929F9D44}.Release|Any CPU.Build.0 = Release|Any CPU
	EndGlobalSection
	GlobalSection(SolutionProperties) = preSolution
		HideSolutionNode = FALSE
	EndGlobalSection
	GlobalSection(ExtensibilityGlobals) = postSolution
		SolutionGuid = {9F8B8D45-75D4-4BFD-8213-2FDCDB1C04CF}
	EndGlobalSection
EndGlobal
