
Microsoft Visual Studio Solution File, Format Version 12.00
# Visual Studio Version 16
VisualStudioVersion = 16.0.30804.86
MinimumVisualStudioVersion = 10.0.40219.1
Project("{9A19103F-16F7-4668-BE54-9A1E7A4F7556}") = "01. Electrical Substation Network", "01. Electrical Substation Network\01. Electrical Substation Network.csproj", "{953CF564-F750-4D4C-8D86-DF53709987B9}"
EndProject
Project("{FAE04EC0-301F-11D3-BF4B-00C04F79EFBC}") = "02. Maximum Tasks Assignment", "02. Maximum Tasks Assignment\02. Maximum Tasks Assignment.csproj", "{064E7E40-765C-4285-9CF7-33BB8E1D5999}"
EndProject
Project("{FAE04EC0-301F-11D3-BF4B-00C04F79EFBC}") = "03. Find Bi-Connected Components", "03. Find Bi-Connected Components\03. Find Bi-Connected Components.csproj", "{AC3D473C-0D59-4476-9937-E910F290D7EE}"
EndProject
Global
	GlobalSection(SolutionConfigurationPlatforms) = preSolution
		Debug|Any CPU = Debug|Any CPU
		Release|Any CPU = Release|Any CPU
	EndGlobalSection
	GlobalSection(ProjectConfigurationPlatforms) = postSolution
		{953CF564-F750-4D4C-8D86-DF53709987B9}.Debug|Any CPU.ActiveCfg = Debug|Any CPU
		{953CF564-F750-4D4C-8D86-DF53709987B9}.Debug|Any CPU.Build.0 = Debug|Any CPU
		{953CF564-F750-4D4C-8D86-DF53709987B9}.Release|Any CPU.ActiveCfg = Release|Any CPU
		{953CF564-F750-4D4C-8D86-DF53709987B9}.Release|Any CPU.Build.0 = Release|Any CPU
		{064E7E40-765C-4285-9CF7-33BB8E1D5999}.Debug|Any CPU.ActiveCfg = Debug|Any CPU
		{064E7E40-765C-4285-9CF7-33BB8E1D5999}.Debug|Any CPU.Build.0 = Debug|Any CPU
		{064E7E40-765C-4285-9CF7-33BB8E1D5999}.Release|Any CPU.ActiveCfg = Release|Any CPU
		{064E7E40-765C-4285-9CF7-33BB8E1D5999}.Release|Any CPU.Build.0 = Release|Any CPU
		{AC3D473C-0D59-4476-9937-E910F290D7EE}.Debug|Any CPU.ActiveCfg = Debug|Any CPU
		{AC3D473C-0D59-4476-9937-E910F290D7EE}.Debug|Any CPU.Build.0 = Debug|Any CPU
		{AC3D473C-0D59-4476-9937-E910F290D7EE}.Release|Any CPU.ActiveCfg = Release|Any CPU
		{AC3D473C-0D59-4476-9937-E910F290D7EE}.Release|Any CPU.Build.0 = Release|Any CPU
	EndGlobalSection
	GlobalSection(SolutionProperties) = preSolution
		HideSolutionNode = FALSE
	EndGlobalSection
	GlobalSection(ExtensibilityGlobals) = postSolution
		SolutionGuid = {98FDC417-6685-4B1D-B6C6-38A2CF35D25A}
	EndGlobalSection
EndGlobal
