
Microsoft Visual Studio Solution File, Format Version 12.00
# Visual Studio Version 16
VisualStudioVersion = 16.0.30804.86
MinimumVisualStudioVersion = 10.0.40219.1
Project("{9A19103F-16F7-4668-BE54-9A1E7A4F7556}") = "01. Binary Search", "01. Binary Search\01. Binary Search.csproj", "{5D0618C7-6A1F-45EC-866F-590E6DFDC0F6}"
EndProject
Project("{9A19103F-16F7-4668-BE54-9A1E7A4F7556}") = "02. Selection Sort", "02. Selection Sort\02. Selection Sort.csproj", "{DD04D93B-1CD6-4946-A009-45F2C5B1F0F6}"
EndProject
Project("{9A19103F-16F7-4668-BE54-9A1E7A4F7556}") = "03. Bubble Sort", "03. Bubble Sort\03. Bubble Sort.csproj", "{004E3E93-B029-45B8-96D1-28A2F1F9F949}"
EndProject
Project("{9A19103F-16F7-4668-BE54-9A1E7A4F7556}") = "04. Insertion Sort", "04. Insertion Sort\04. Insertion Sort.csproj", "{E3FAD2E2-8512-44F1-811B-D7E7CC058A0A}"
EndProject
Project("{9A19103F-16F7-4668-BE54-9A1E7A4F7556}") = "05. Quicksort", "05. Quicksort\05. Quicksort.csproj", "{F2B70986-9F2D-4B83-9DE3-5ACF17350982}"
EndProject
Project("{9A19103F-16F7-4668-BE54-9A1E7A4F7556}") = "06. Merge Sort", "06. Merge Sort\06. Merge Sort.csproj", "{F5E54F94-ED4A-4CA2-B2A6-0EA9FD0E26AF}"
EndProject
Project("{9A19103F-16F7-4668-BE54-9A1E7A4F7556}") = "07. Sum of Coins", "07. Sum of Coins\07. Sum of Coins.csproj", "{C15239CE-0F5F-4041-97C6-77C042ECD24A}"
EndProject
Project("{9A19103F-16F7-4668-BE54-9A1E7A4F7556}") = "08. Set Cover", "08. Set Cover\08. Set Cover.csproj", "{62106062-56C9-4BAE-B6FF-7AA704FA1BA9}"
EndProject
Global
	GlobalSection(SolutionConfigurationPlatforms) = preSolution
		Debug|Any CPU = Debug|Any CPU
		Release|Any CPU = Release|Any CPU
	EndGlobalSection
	GlobalSection(ProjectConfigurationPlatforms) = postSolution
		{5D0618C7-6A1F-45EC-866F-590E6DFDC0F6}.Debug|Any CPU.ActiveCfg = Debug|Any CPU
		{5D0618C7-6A1F-45EC-866F-590E6DFDC0F6}.Debug|Any CPU.Build.0 = Debug|Any CPU
		{5D0618C7-6A1F-45EC-866F-590E6DFDC0F6}.Release|Any CPU.ActiveCfg = Release|Any CPU
		{5D0618C7-6A1F-45EC-866F-590E6DFDC0F6}.Release|Any CPU.Build.0 = Release|Any CPU
		{DD04D93B-1CD6-4946-A009-45F2C5B1F0F6}.Debug|Any CPU.ActiveCfg = Debug|Any CPU
		{DD04D93B-1CD6-4946-A009-45F2C5B1F0F6}.Debug|Any CPU.Build.0 = Debug|Any CPU
		{DD04D93B-1CD6-4946-A009-45F2C5B1F0F6}.Release|Any CPU.ActiveCfg = Release|Any CPU
		{DD04D93B-1CD6-4946-A009-45F2C5B1F0F6}.Release|Any CPU.Build.0 = Release|Any CPU
		{004E3E93-B029-45B8-96D1-28A2F1F9F949}.Debug|Any CPU.ActiveCfg = Debug|Any CPU
		{004E3E93-B029-45B8-96D1-28A2F1F9F949}.Debug|Any CPU.Build.0 = Debug|Any CPU
		{004E3E93-B029-45B8-96D1-28A2F1F9F949}.Release|Any CPU.ActiveCfg = Release|Any CPU
		{004E3E93-B029-45B8-96D1-28A2F1F9F949}.Release|Any CPU.Build.0 = Release|Any CPU
		{E3FAD2E2-8512-44F1-811B-D7E7CC058A0A}.Debug|Any CPU.ActiveCfg = Debug|Any CPU
		{E3FAD2E2-8512-44F1-811B-D7E7CC058A0A}.Debug|Any CPU.Build.0 = Debug|Any CPU
		{E3FAD2E2-8512-44F1-811B-D7E7CC058A0A}.Release|Any CPU.ActiveCfg = Release|Any CPU
		{E3FAD2E2-8512-44F1-811B-D7E7CC058A0A}.Release|Any CPU.Build.0 = Release|Any CPU
		{F2B70986-9F2D-4B83-9DE3-5ACF17350982}.Debug|Any CPU.ActiveCfg = Debug|Any CPU
		{F2B70986-9F2D-4B83-9DE3-5ACF17350982}.Debug|Any CPU.Build.0 = Debug|Any CPU
		{F2B70986-9F2D-4B83-9DE3-5ACF17350982}.Release|Any CPU.ActiveCfg = Release|Any CPU
		{F2B70986-9F2D-4B83-9DE3-5ACF17350982}.Release|Any CPU.Build.0 = Release|Any CPU
		{F5E54F94-ED4A-4CA2-B2A6-0EA9FD0E26AF}.Debug|Any CPU.ActiveCfg = Debug|Any CPU
		{F5E54F94-ED4A-4CA2-B2A6-0EA9FD0E26AF}.Debug|Any CPU.Build.0 = Debug|Any CPU
		{F5E54F94-ED4A-4CA2-B2A6-0EA9FD0E26AF}.Release|Any CPU.ActiveCfg = Release|Any CPU
		{F5E54F94-ED4A-4CA2-B2A6-0EA9FD0E26AF}.Release|Any CPU.Build.0 = Release|Any CPU
		{C15239CE-0F5F-4041-97C6-77C042ECD24A}.Debug|Any CPU.ActiveCfg = Debug|Any CPU
		{C15239CE-0F5F-4041-97C6-77C042ECD24A}.Debug|Any CPU.Build.0 = Debug|Any CPU
		{C15239CE-0F5F-4041-97C6-77C042ECD24A}.Release|Any CPU.ActiveCfg = Release|Any CPU
		{C15239CE-0F5F-4041-97C6-77C042ECD24A}.Release|Any CPU.Build.0 = Release|Any CPU
		{62106062-56C9-4BAE-B6FF-7AA704FA1BA9}.Debug|Any CPU.ActiveCfg = Debug|Any CPU
		{62106062-56C9-4BAE-B6FF-7AA704FA1BA9}.Debug|Any CPU.Build.0 = Debug|Any CPU
		{62106062-56C9-4BAE-B6FF-7AA704FA1BA9}.Release|Any CPU.ActiveCfg = Release|Any CPU
		{62106062-56C9-4BAE-B6FF-7AA704FA1BA9}.Release|Any CPU.Build.0 = Release|Any CPU
	EndGlobalSection
	GlobalSection(SolutionProperties) = preSolution
		HideSolutionNode = FALSE
	EndGlobalSection
	GlobalSection(ExtensibilityGlobals) = postSolution
		SolutionGuid = {7E64A95F-6E91-4F02-B7D8-EA7ECD879FFD}
	EndGlobalSection
EndGlobal
